{
    "_meta": {
        "hash": {
            "sha256": "1c2594e2d251cb59be5c6cfd72dba6a3d8abe5b08e8539cf8771209e4aed65bb"
        },
        "pipfile-spec": 6,
        "requires": {
            "python_version": "3.9"
        },
        "sources": [
            {
                "name": "pypi",
                "url": "https://pypi.org/simple",
                "verify_ssl": true
            }
        ]
    },
    "default": {
        "asgiref": {
            "hashes": [
                "sha256:3e1e3ecc849832fe52ccf2cb6686b7a55f82bb1d6aee72a58826471390335e47",
                "sha256:c343bd80a0bec947a9860adb4c432ffa7db769836c64238fc34bdc3fec84d590"
            ],
            "markers": "python_version >= '3.8'",
            "version": "==3.8.1"
        },
        "django": {
            "hashes": [
                "sha256:0a32773b5b7f4e774a155ee253ab24a841fed7e9e9061db08bf2ce9711da404d",
                "sha256:e726764b094407c313adba5e2e866ab88f00436cad85c540a5bf76dc0a912c9e"
            ],
            "index": "pypi",
            "markers": "python_version >= '3.8'",
            "version": "==4.2.22"
        },
        "django-richtextfield": {
            "hashes": [
                "sha256:c4b8f9d19214727f8cc3056658413dc7652627ce9d0d1f25395483a9bf641d65"
            ],
            "index": "pypi",
            "version": "==1.6.1"
        },
        "django-widget-tweaks": {
            "hashes": [
                "sha256:9bfc5c705684754a83cc81da328b39ad1b80f32bd0f4340e2a810cbab4b0c00e",
                "sha256:fe6b17d5d595c63331f300917980db2afcf71f240ab9341b954aea8f45d25b9a"
            ],
            "index": "pypi",
            "version": "==1.4.12"
        },
        "sqlparse": {
            "hashes": [
                "sha256:09f67787f56a0b16ecdbde1bfc7f5d9c3371ca683cfeaa8e6ff60b4807ec9272",
                "sha256:cf2196ed3418f3ba5de6af7e82c694a9fbdbfecccdfc72e281548517081f16ca"
            ],
            "markers": "python_version >= '3.8'",
            "version": "==0.5.3"
        },
        "typing-extensions": {
            "hashes": [
                "sha256:8676b788e32f02ab42d9e7c61324048ae4c6d844a399eebace3d4979d75ceef4",
                "sha256:a1514509136dd0b477638fc68d6a91497af5076466ad0fa6c338e44e359944af"
            ],
            "markers": "python_version >= '3.9'",
            "version": "==4.14.0"
        },
        "tzdata": {
            "hashes": [
                "sha256:3eee491e22ebfe1e5cfcc97a4137cd70f092ce59144d81f8924a844de05ba8f5",
                "sha256:68dbe41afd01b867894bbdfd54fa03f468cfa4f0086bfb4adcd8de8f24f3ee21"
            ],
            "markers": "sys_platform == 'win32'",
            "version": "==2021.5"
        }
    },
    "develop": {}
}
